{
  "name": "prisma-client-a1ed98a4290e01fa8b6c16ee77d0b7b64a8b479c2a6bba4dd2e1d3102701ba7a",
  "version": "6.0.1",
  "lockfileVersion": 3,
  "requires": true,
  "packages": {
    "": {
      "name": "prisma-client-a1ed98a4290e01fa8b6c16ee77d0b7b64a8b479c2a6bba4dd2e1d3102701ba7a",
      "version": "6.0.1",
      "dependencies": {
        "prisma-client-a1ed98a4290e01fa8b6c16ee77d0b7b64a8b479c2a6bba4dd2e1d3102701ba7a": "file:"
      }
    },
    "node_modules/prisma-client-a1ed98a4290e01fa8b6c16ee77d0b7b64a8b479c2a6bba4dd2e1d3102701ba7a": {
      "resolved": "",
      "link": true
    }
  }
}
